
Microsoft Visual Studio Solution File, Format Version 12.00
# Visual Studio Version 16
VisualStudioVersion = 16.0.30204.135
MinimumVisualStudioVersion = 10.0.40219.1
Project("{FAE04EC0-301F-11D3-BF4B-00C04F79EFBC}") = "ZmaniosClock", "ZmaniosClock\ZmaniosClock.csproj", "{DC83455B-AE0D-45C7-BD68-DB28BAB63B4C}"
EndProject
Project("{FAE04EC0-301F-11D3-BF4B-00C04F79EFBC}") = "JewishCalendar", "..\..\JewishCalendar\JewishCalendar\JewishCalendar.csproj", "{43E5C945-9D11-4097-9990-1D2AFC9E16D3}"
EndProject
Global
	GlobalSection(SolutionConfigurationPlatforms) = preSolution
		Debug|Any CPU = Debug|Any CPU
		Release|Any CPU = Release|Any CPU
	EndGlobalSection
	GlobalSection(ProjectConfigurationPlatforms) = postSolution
		{DC83455B-AE0D-45C7-BD68-DB28BAB63B4C}.Debug|Any CPU.ActiveCfg = Debug|Any CPU
		{DC83455B-AE0D-45C7-BD68-DB28BAB63B4C}.Debug|Any CPU.Build.0 = Debug|Any CPU
		{DC83455B-AE0D-45C7-BD68-DB28BAB63B4C}.Release|Any CPU.ActiveCfg = Release|Any CPU
		{DC83455B-AE0D-45C7-BD68-DB28BAB63B4C}.Release|Any CPU.Build.0 = Release|Any CPU
		{43E5C945-9D11-4097-9990-1D2AFC9E16D3}.Debug|Any CPU.ActiveCfg = Debug|Any CPU
		{43E5C945-9D11-4097-9990-1D2AFC9E16D3}.Debug|Any CPU.Build.0 = Debug|Any CPU
		{43E5C945-9D11-4097-9990-1D2AFC9E16D3}.Release|Any CPU.ActiveCfg = Release|Any CPU
		{43E5C945-9D11-4097-9990-1D2AFC9E16D3}.Release|Any CPU.Build.0 = Release|Any CPU
	EndGlobalSection
	GlobalSection(SolutionProperties) = preSolution
		HideSolutionNode = FALSE
	EndGlobalSection
	GlobalSection(ExtensibilityGlobals) = postSolution
		SolutionGuid = {88AF9DD6-1037-4443-AB01-9442EFB229BD}
	EndGlobalSection
EndGlobal
